
Microsoft Visual Studio Solution File, Format Version 12.00
# Visual Studio 15
VisualStudioVersion = 15.0.26430.6
MinimumVisualStudioVersion = 10.0.40219.1
Project("{FAE04EC0-301F-11D3-BF4B-00C04F79EFBC}") = "MobileCenter.BuildMonitor.TizenApp.Tizen", "MobileCenter.BuildMonitor.TizenApp\MobileCenter.BuildMonitor.TizenApp.Tizen\MobileCenter.BuildMonitor.TizenApp.Tizen.csproj", "{B15A40B1-5B17-4FA6-A80E-BBF9F7D577E6}"
EndProject
Project("{FAE04EC0-301F-11D3-BF4B-00C04F79EFBC}") = "MobileCenterSdk", "MobileCenterSdk\MobileCenterSdk.csproj", "{00EDC313-C540-45A2-93E5-8D05C2402932}"
EndProject
Project("{FAE04EC0-301F-11D3-BF4B-00C04F79EFBC}") = "MobileCenter.BuildMonitor", "MobileCenter.BuildMonitor\MobileCenter.BuildMonitor.csproj", "{D1D7195B-A93A-4C9D-88C5-8D49FAA24CC7}"
EndProject
Project("{D954291E-2A0B-460D-934E-DC6B0785DB48}") = "MobileCenter.BuildMonitor.Shared", "MobileCenter.BuildMonitor.Shared\MobileCenter.BuildMonitor.Shared.shproj", "{E340986E-E4B3-49E3-A6C7-9D418F2456CD}"
EndProject
Global
	GlobalSection(SharedMSBuildProjectFiles) = preSolution
		MobileCenter.BuildMonitor.Shared\MobileCenter.BuildMonitor.Shared.projitems*{b15a40b1-5b17-4fa6-a80e-bbf9f7d577e6}*SharedItemsImports = 4
		MobileCenter.BuildMonitor.Shared\MobileCenter.BuildMonitor.Shared.projitems*{e340986e-e4b3-49e3-a6c7-9d418f2456cd}*SharedItemsImports = 13
	EndGlobalSection
	GlobalSection(SolutionConfigurationPlatforms) = preSolution
		Debug|Any CPU = Debug|Any CPU
		Release|Any CPU = Release|Any CPU
	EndGlobalSection
	GlobalSection(ProjectConfigurationPlatforms) = postSolution
		{B15A40B1-5B17-4FA6-A80E-BBF9F7D577E6}.Debug|Any CPU.ActiveCfg = Debug|Any CPU
		{B15A40B1-5B17-4FA6-A80E-BBF9F7D577E6}.Debug|Any CPU.Build.0 = Debug|Any CPU
		{B15A40B1-5B17-4FA6-A80E-BBF9F7D577E6}.Release|Any CPU.ActiveCfg = Release|Any CPU
		{B15A40B1-5B17-4FA6-A80E-BBF9F7D577E6}.Release|Any CPU.Build.0 = Release|Any CPU
		{00EDC313-C540-45A2-93E5-8D05C2402932}.Debug|Any CPU.ActiveCfg = Debug|Any CPU
		{00EDC313-C540-45A2-93E5-8D05C2402932}.Debug|Any CPU.Build.0 = Debug|Any CPU
		{00EDC313-C540-45A2-93E5-8D05C2402932}.Release|Any CPU.ActiveCfg = Release|Any CPU
		{00EDC313-C540-45A2-93E5-8D05C2402932}.Release|Any CPU.Build.0 = Release|Any CPU
		{D1D7195B-A93A-4C9D-88C5-8D49FAA24CC7}.Debug|Any CPU.ActiveCfg = Debug|Any CPU
		{D1D7195B-A93A-4C9D-88C5-8D49FAA24CC7}.Debug|Any CPU.Build.0 = Debug|Any CPU
		{D1D7195B-A93A-4C9D-88C5-8D49FAA24CC7}.Release|Any CPU.ActiveCfg = Release|Any CPU
		{D1D7195B-A93A-4C9D-88C5-8D49FAA24CC7}.Release|Any CPU.Build.0 = Release|Any CPU
	EndGlobalSection
	GlobalSection(SolutionProperties) = preSolution
		HideSolutionNode = FALSE
	EndGlobalSection
EndGlobal
